# Cryptographically pinned dependencies — DO NOT EDIT BY HAND.
#
# Regenerate with:  python tools/lock_requirements.py
#
# Every dependency is pinned to an exact version and to the SHA-256 of every
# distribution file that version publishes. Installing with --require-hashes
# means pip refuses to proceed if a file's content differs by a single byte
# from what is recorded here — so a hijacked maintainer account, a poisoned
# mirror or a tampered CDN fails the build loudly instead of being baked
# silently into the executable.
#
# This is the complete tree: three packages, no other transitive dependencies.


PyMuPDF==1.28.2 \
    --hash=sha256:2e1b574c0fd2cb238021033fd3c0f9c4388816638df064e4bfb56d9d81736dc8 \
    --hash=sha256:3050a233dde1211efe89ada74e2add6238436434159f46097a1423aad2842545 \
    --hash=sha256:397d6715c1f0df7548a92d0afd8ce370fc48fa47aeefac16be2bc04a16a8227f \
    --hash=sha256:530ef543a3885b3b81cb72a854e7c5a625a9233201221132bb6c31698c6a2bdb \
    --hash=sha256:5e0be7908a715aa20333caddd73f1d6f01e4cd0c26e869fa2dd0b7f344da2249 \
    --hash=sha256:5fc315b425ff1f7afdd1ea2f348205cb19b806767daae7ce4d64115799c2bae1 \
    --hash=sha256:7113846b35dbf0a033f088e4f4fb543dabeb4b0b12c112966a1ca1ee2d5eacae \
    --hash=sha256:ebd244918798502d7b4504c90410d1711a4d7675a32584ca30f1bab419ecbffe \
    --hash=sha256:f89fb2d86d07d643a269f17a093105057e20c79c1d06c103b53600067b6d2b01 \
    --hash=sha256:fd481ed48bef56305c41fb7e05a055c03345c899c7b101dad086258b438f8168 \
    --hash=sha256:ffe91a24edc75c80da2a4b62f50fc0f54632d34fc8fe4cbc48e5c7ff07cf8fb4

PySide6-Essentials==6.11.1 \
    --hash=sha256:11253ea52aabecefe9febddbbe78b43a824129e3af1cec98431028fba7fa954f \
    --hash=sha256:228de53c2bc26b07e5021fbe3614fc44ca08e4dab9999af08c2b389d2c239957 \
    --hash=sha256:63311bd48e32c584599ab04b9ef7c324082374cd2c9fa533f978fb893bb47e40 \
    --hash=sha256:a039b6da68a3a4b9d243217b2b98d475eed3f617159ef6be925badab53c11b0d \
    --hash=sha256:e3ef7027b41e4e55fadb56e3b3257dc8ee92154b639fe67fc4c8e05e9d976c60

shiboken6==6.11.1 \
    --hash=sha256:1a16867f103ef1c662a5f09dfed03273a9f81688b174555162c58e83650a3f02 \
    --hash=sha256:1bd2f4314414df2d122d9f646e03b731bc6d6b5f77a5f53f99a4fe4e97d84e6f \
    --hash=sha256:7c8d9af17db4495d4fa5b1c393f218311c4855546b9dfa6a0bd21bcd66b55e9d \
    --hash=sha256:9a8bccfafc8805254cabcfa1edfaf55cd52889f4998c91ad0d9a4433fb1bcdbe \
    --hash=sha256:c2c6863aa80ec18c0f82cea3417837b279cdc60024ac17123461dc9042577df7
